
Microsoft Visual Studio Solution File, Format Version 12.00
# Visual Studio Version 16
VisualStudioVersion = 16.0.30523.141
MinimumVisualStudioVersion = 10.0.40219.1
Project("{9A19103F-16F7-4668-BE54-9A1E7A4F7556}") = "Airlines.API", "Airlines.API\Airlines.API.csproj", "{EFC3465A-3C78-47F9-95FD-F809D47C1DCA}"
EndProject
Project("{FAE04EC0-301F-11D3-BF4B-00C04F79EFBC}") = "Airlines.BL", "Airlines.BL\Airlines.BL.csproj", "{2EF9FF4E-3F3B-4056-B356-C38CA74C3AD8}"
EndProject
Project("{FAE04EC0-301F-11D3-BF4B-00C04F79EFBC}") = "Airlines.DL", "Airlines.DL\Airlines.DL.csproj", "{84D7D3E0-B5B5-49F1-BDA6-3AC224C5B0AB}"
EndProject
Global
	GlobalSection(SolutionConfigurationPlatforms) = preSolution
		Debug|Any CPU = Debug|Any CPU
		Release|Any CPU = Release|Any CPU
	EndGlobalSection
	GlobalSection(ProjectConfigurationPlatforms) = postSolution
		{EFC3465A-3C78-47F9-95FD-F809D47C1DCA}.Debug|Any CPU.ActiveCfg = Debug|Any CPU
		{EFC3465A-3C78-47F9-95FD-F809D47C1DCA}.Debug|Any CPU.Build.0 = Debug|Any CPU
		{EFC3465A-3C78-47F9-95FD-F809D47C1DCA}.Release|Any CPU.ActiveCfg = Release|Any CPU
		{EFC3465A-3C78-47F9-95FD-F809D47C1DCA}.Release|Any CPU.Build.0 = Release|Any CPU
		{2EF9FF4E-3F3B-4056-B356-C38CA74C3AD8}.Debug|Any CPU.ActiveCfg = Debug|Any CPU
		{2EF9FF4E-3F3B-4056-B356-C38CA74C3AD8}.Debug|Any CPU.Build.0 = Debug|Any CPU
		{2EF9FF4E-3F3B-4056-B356-C38CA74C3AD8}.Release|Any CPU.ActiveCfg = Release|Any CPU
		{2EF9FF4E-3F3B-4056-B356-C38CA74C3AD8}.Release|Any CPU.Build.0 = Release|Any CPU
		{84D7D3E0-B5B5-49F1-BDA6-3AC224C5B0AB}.Debug|Any CPU.ActiveCfg = Debug|Any CPU
		{84D7D3E0-B5B5-49F1-BDA6-3AC224C5B0AB}.Debug|Any CPU.Build.0 = Debug|Any CPU
		{84D7D3E0-B5B5-49F1-BDA6-3AC224C5B0AB}.Release|Any CPU.ActiveCfg = Release|Any CPU
		{84D7D3E0-B5B5-49F1-BDA6-3AC224C5B0AB}.Release|Any CPU.Build.0 = Release|Any CPU
	EndGlobalSection
	GlobalSection(SolutionProperties) = preSolution
		HideSolutionNode = FALSE
	EndGlobalSection
	GlobalSection(ExtensibilityGlobals) = postSolution
		SolutionGuid = {75B0E343-683C-4298-86B8-9CAC0F4A2F11}
	EndGlobalSection
EndGlobal
